
Microsoft Visual Studio Solution File, Format Version 12.00
# Visual Studio Version 16
VisualStudioVersion = 16.0.31112.23
MinimumVisualStudioVersion = 10.0.40219.1
Project("{FAE04EC0-301F-11D3-BF4B-00C04F79EFBC}") = "Project", "Project\Project.csproj", "{CC65F2B8-C2C0-46EE-9724-0116FA61D37F}"
EndProject
Global
	GlobalSection(SolutionConfigurationPlatforms) = preSolution
		Debug|Any CPU = Debug|Any CPU
		Release|Any CPU = Release|Any CPU
	EndGlobalSection
	GlobalSection(ProjectConfigurationPlatforms) = postSolution
		{CC65F2B8-C2C0-46EE-9724-0116FA61D37F}.Debug|Any CPU.ActiveCfg = Debug|Any CPU
		{CC65F2B8-C2C0-46EE-9724-0116FA61D37F}.Debug|Any CPU.Build.0 = Debug|Any CPU
		{CC65F2B8-C2C0-46EE-9724-0116FA61D37F}.Release|Any CPU.ActiveCfg = Release|Any CPU
		{CC65F2B8-C2C0-46EE-9724-0116FA61D37F}.Release|Any CPU.Build.0 = Release|Any CPU
	EndGlobalSection
	GlobalSection(SolutionProperties) = preSolution
		HideSolutionNode = FALSE
	EndGlobalSection
	GlobalSection(ExtensibilityGlobals) = postSolution
		SolutionGuid = {11FB4595-30B7-4434-A0AD-9659DAC22030}
	EndGlobalSection
EndGlobal
